
Microsoft Visual Studio Solution File, Format Version 12.00
# Visual Studio Version 17
VisualStudioVersion = 17.0.31903.59
MinimumVisualStudioVersion = 10.0.40219.1
Project("{2150E333-8FDC-42A3-9474-1A3956D46DE8}") = "src", "src", "{827E0CD3-B72D-47B6-A68D-7590B98EB39B}"
EndProject
Project("{2150E333-8FDC-42A3-9474-1A3956D46DE8}") = "Shared", "Shared", "{C8E42992-5E42-0C2B-DBFE-AA848D06431C}"
EndProject
Project("{FAE04EC0-301F-11D3-BF4B-00C04F79EFBC}") = "RecruitmentPlatform.Common", "src\Shared\RecruitmentPlatform.Common\RecruitmentPlatform.Common.csproj", "{D5CE7DBA-97AF-4096-A243-C9ECAD621D15}"
EndProject
Project("{FAE04EC0-301F-11D3-BF4B-00C04F79EFBC}") = "RecruitmentPlatform.Contracts", "src\Shared\RecruitmentPlatform.Contracts\RecruitmentPlatform.Contracts.csproj", "{B48B99A0-3EAF-4AFB-896B-E2CEE7F8AB91}"
EndProject
Project("{FAE04EC0-301F-11D3-BF4B-00C04F79EFBC}") = "ApiGateway", "src\ApiGateway\ApiGateway.csproj", "{A2054C03-FF15-4050-BFC7-1B5441801F62}"
EndProject
Project("{FAE04EC0-301F-11D3-BF4B-00C04F79EFBC}") = "Auth.API", "src\Services\Auth\Auth.API\Auth.API.csproj", "{7E2FD0FD-750A-48A8-9A1C-DF68A200F36E}"
EndProject
Project("{FAE04EC0-301F-11D3-BF4B-00C04F79EFBC}") = "Auth.Application", "src\Services\Auth\Auth.Application\Auth.Application.csproj", "{4D3F6A1A-879B-45EC-A5AE-75C884A65A49}"
EndProject
Project("{FAE04EC0-301F-11D3-BF4B-00C04F79EFBC}") = "Auth.Domain", "src\Services\Auth\Auth.Domain\Auth.Domain.csproj", "{C69CEA6A-08FB-4A40-BF46-EF3BB619B245}"
EndProject
Project("{FAE04EC0-301F-11D3-BF4B-00C04F79EFBC}") = "Auth.Infrastructure", "src\Services\Auth\Auth.Infrastructure\Auth.Infrastructure.csproj", "{18E34CE7-74D0-44D9-B7E3-72DF0308A42B}"
EndProject
Project("{2150E333-8FDC-42A3-9474-1A3956D46DE8}") = "Services", "Services", "{984BB9B3-3FA3-BE33-9484-CAC21695A33C}"
EndProject
Project("{2150E333-8FDC-42A3-9474-1A3956D46DE8}") = "UserProfile", "UserProfile", "{A2FE1BB7-0B30-54C5-661E-5D6EF9E35AA4}"
EndProject
Project("{FAE04EC0-301F-11D3-BF4B-00C04F79EFBC}") = "UserProfile.API", "src\Services\UserProfile\UserProfile.API\UserProfile.API.csproj", "{BD97AB0E-194F-47E5-A75A-05DDB88B6428}"
EndProject
Project("{FAE04EC0-301F-11D3-BF4B-00C04F79EFBC}") = "UserProfile.Application", "src\Services\UserProfile\UserProfile.Application\UserProfile.Application.csproj", "{AEFD200A-9187-48F4-A8F7-A930E06925FD}"
EndProject
Project("{FAE04EC0-301F-11D3-BF4B-00C04F79EFBC}") = "UserProfile.Domain", "src\Services\UserProfile\UserProfile.Domain\UserProfile.Domain.csproj", "{51742D3A-0DC2-4482-B54F-C1066D9AA159}"
EndProject
Project("{FAE04EC0-301F-11D3-BF4B-00C04F79EFBC}") = "UserProfile.Infrastructure", "src\Services\UserProfile\UserProfile.Infrastructure\UserProfile.Infrastructure.csproj", "{76F42F55-E9E4-4204-81E3-7FEA14D0DABC}"
EndProject
Project("{2150E333-8FDC-42A3-9474-1A3956D46DE8}") = "Portfolio", "Portfolio", "{EAD6B3D0-6D4B-6043-C47D-9E8A35693F27}"
EndProject
Project("{FAE04EC0-301F-11D3-BF4B-00C04F79EFBC}") = "Portfolio.API", "src\Services\Portfolio\Portfolio.API\Portfolio.API.csproj", "{80F39C51-F7D7-492F-9B44-31D8A0686406}"
EndProject
Project("{FAE04EC0-301F-11D3-BF4B-00C04F79EFBC}") = "Portfolio.Application", "src\Services\Portfolio\Portfolio.Application\Portfolio.Application.csproj", "{D47FF266-9E2F-4F25-A50B-A0D637ADE311}"
EndProject
Project("{FAE04EC0-301F-11D3-BF4B-00C04F79EFBC}") = "Portfolio.Domain", "src\Services\Portfolio\Portfolio.Domain\Portfolio.Domain.csproj", "{E54DF6AA-B6EE-440A-AD5F-6C86342EF2F7}"
EndProject
Project("{FAE04EC0-301F-11D3-BF4B-00C04F79EFBC}") = "Portfolio.Infrastructure", "src\Services\Portfolio\Portfolio.Infrastructure\Portfolio.Infrastructure.csproj", "{F7FA53E8-EC59-4110-8BEB-B2253D4A195B}"
EndProject
Project("{2150E333-8FDC-42A3-9474-1A3956D46DE8}") = "Company", "Company", "{475C75E2-3469-ADF1-7AA5-8C26A3F9FD01}"
EndProject
Project("{FAE04EC0-301F-11D3-BF4B-00C04F79EFBC}") = "Company.API", "src\Services\Company\Company.API\Company.API.csproj", "{7A710482-8E53-4DC3-96F9-68F1AF5B508D}"
EndProject
Project("{FAE04EC0-301F-11D3-BF4B-00C04F79EFBC}") = "Company.Application", "src\Services\Company\Company.Application\Company.Application.csproj", "{DA7DF26B-E6FB-4427-AA68-9AA2E0400374}"
EndProject
Project("{FAE04EC0-301F-11D3-BF4B-00C04F79EFBC}") = "Company.Domain", "src\Services\Company\Company.Domain\Company.Domain.csproj", "{8872691F-35AC-4515-9572-CC7193E9E665}"
EndProject
Project("{FAE04EC0-301F-11D3-BF4B-00C04F79EFBC}") = "Company.Infrastructure", "src\Services\Company\Company.Infrastructure\Company.Infrastructure.csproj", "{E246EDAC-1F73-47C7-A605-95532D715C20}"
EndProject
Project("{2150E333-8FDC-42A3-9474-1A3956D46DE8}") = "JobHiring", "JobHiring", "{FEA81106-F033-B42D-B377-D06A57D1D0C2}"
EndProject
Project("{FAE04EC0-301F-11D3-BF4B-00C04F79EFBC}") = "JobHiring.API", "src\Services\JobHiring\JobHiring.API\JobHiring.API.csproj", "{6839363D-C2A3-4ED1-92CE-BF99669AF42A}"
EndProject
Project("{FAE04EC0-301F-11D3-BF4B-00C04F79EFBC}") = "JobHiring.Application", "src\Services\JobHiring\JobHiring.Application\JobHiring.Application.csproj", "{39C48BEC-54F0-4209-8802-0CE89805CA4D}"
EndProject
Project("{FAE04EC0-301F-11D3-BF4B-00C04F79EFBC}") = "JobHiring.Domain", "src\Services\JobHiring\JobHiring.Domain\JobHiring.Domain.csproj", "{42AAEE9A-3095-4033-A204-2A11F6BE4938}"
EndProject
Project("{FAE04EC0-301F-11D3-BF4B-00C04F79EFBC}") = "JobHiring.Infrastructure", "src\Services\JobHiring\JobHiring.Infrastructure\JobHiring.Infrastructure.csproj", "{54B2CB09-AC84-4D4A-90D0-4F1A8D1EFF85}"
EndProject
Project("{2150E333-8FDC-42A3-9474-1A3956D46DE8}") = "Connection", "Connection", "{BC39485B-4482-324A-F49B-2461CF689079}"
EndProject
Project("{FAE04EC0-301F-11D3-BF4B-00C04F79EFBC}") = "Connection.API", "src\Services\Connection\Connection.API\Connection.API.csproj", "{8DF4C7C9-FEAA-4B43-B759-073553254700}"
EndProject
Project("{FAE04EC0-301F-11D3-BF4B-00C04F79EFBC}") = "Connection.Application", "src\Services\Connection\Connection.Application\Connection.Application.csproj", "{BE27BF5B-83B0-4A3E-B463-0A097A1739C1}"
EndProject
Project("{FAE04EC0-301F-11D3-BF4B-00C04F79EFBC}") = "Connection.Domain", "src\Services\Connection\Connection.Domain\Connection.Domain.csproj", "{1BBD0E2C-3A9F-43B2-AE6A-48B1D1DABCDF}"
EndProject
Project("{FAE04EC0-301F-11D3-BF4B-00C04F79EFBC}") = "Connection.Infrastructure", "src\Services\Connection\Connection.Infrastructure\Connection.Infrastructure.csproj", "{8F2F6799-E876-4DD6-99FE-F83C4E7F1A59}"
EndProject
Project("{2150E333-8FDC-42A3-9474-1A3956D46DE8}") = "Community", "Community", "{0B029BC5-D7D3-F9F2-CC0A-E2B61D9B7287}"
EndProject
Project("{FAE04EC0-301F-11D3-BF4B-00C04F79EFBC}") = "Community.API", "src\Services\Community\Community.API\Community.API.csproj", "{94FA9E59-1F42-4487-A703-5D4C2FE3A83C}"
EndProject
Project("{FAE04EC0-301F-11D3-BF4B-00C04F79EFBC}") = "Community.Application", "src\Services\Community\Community.Application\Community.Application.csproj", "{B60071B3-1385-45E2-9675-038222CFBA8E}"
EndProject
Project("{FAE04EC0-301F-11D3-BF4B-00C04F79EFBC}") = "Community.Domain", "src\Services\Community\Community.Domain\Community.Domain.csproj", "{1B89B46F-EE87-44C2-9FE4-CFCACF965468}"
EndProject
Project("{FAE04EC0-301F-11D3-BF4B-00C04F79EFBC}") = "Community.Infrastructure", "src\Services\Community\Community.Infrastructure\Community.Infrastructure.csproj", "{C7D7BE7D-A7B5-49BA-A85A-8B90FCC86F34}"
EndProject
Project("{2150E333-8FDC-42A3-9474-1A3956D46DE8}") = "Subscription", "Subscription", "{6594E698-28EE-F19B-8CC8-4750FE3B23A4}"
EndProject
Project("{FAE04EC0-301F-11D3-BF4B-00C04F79EFBC}") = "Subscription.API", "src\Services\Subscription\Subscription.API\Subscription.API.csproj", "{FF4F1F09-0C8B-47FA-BA34-9F7881F2F4C3}"
EndProject
Project("{FAE04EC0-301F-11D3-BF4B-00C04F79EFBC}") = "Subscription.Application", "src\Services\Subscription\Subscription.Application\Subscription.Application.csproj", "{8757F5FA-551F-4211-8317-DA979297F502}"
EndProject
Project("{FAE04EC0-301F-11D3-BF4B-00C04F79EFBC}") = "Subscription.Domain", "src\Services\Subscription\Subscription.Domain\Subscription.Domain.csproj", "{07BF4001-AF3F-4C62-B26E-017249DD151F}"
EndProject
Project("{FAE04EC0-301F-11D3-BF4B-00C04F79EFBC}") = "Subscription.Infrastructure", "src\Services\Subscription\Subscription.Infrastructure\Subscription.Infrastructure.csproj", "{9130EEDA-4BA0-4AFC-8C15-1FAD305704D5}"
EndProject
Project("{2150E333-8FDC-42A3-9474-1A3956D46DE8}") = "Advertisement", "Advertisement", "{F2C66F8B-7F88-9A75-6701-94C91423F1C3}"
EndProject
Project("{FAE04EC0-301F-11D3-BF4B-00C04F79EFBC}") = "Advertisement.API", "src\Services\Advertisement\Advertisement.API\Advertisement.API.csproj", "{F6874C9B-ECE1-4DF6-8B79-F38F991494A2}"
EndProject
Project("{FAE04EC0-301F-11D3-BF4B-00C04F79EFBC}") = "Advertisement.Application", "src\Services\Advertisement\Advertisement.Application\Advertisement.Application.csproj", "{1696B553-3545-4D4C-9F64-65FE2DAACCAD}"
EndProject
Project("{FAE04EC0-301F-11D3-BF4B-00C04F79EFBC}") = "Advertisement.Domain", "src\Services\Advertisement\Advertisement.Domain\Advertisement.Domain.csproj", "{AF220616-7900-4ED3-B226-133282660F68}"
EndProject
Project("{FAE04EC0-301F-11D3-BF4B-00C04F79EFBC}") = "Advertisement.Infrastructure", "src\Services\Advertisement\Advertisement.Infrastructure\Advertisement.Infrastructure.csproj", "{7B4AFA7A-0859-4A30-B7AE-80A3D61DE1DD}"
EndProject
Project("{2150E333-8FDC-42A3-9474-1A3956D46DE8}") = "Moderation", "Moderation", "{09A28376-31DA-80C1-01BE-EA64B4DC8CF1}"
EndProject
Project("{FAE04EC0-301F-11D3-BF4B-00C04F79EFBC}") = "Moderation.API", "src\Services\Moderation\Moderation.API\Moderation.API.csproj", "{5FD7A6E5-D030-413B-BCB9-42547F6DA395}"
EndProject
Project("{FAE04EC0-301F-11D3-BF4B-00C04F79EFBC}") = "Moderation.Application", "src\Services\Moderation\Moderation.Application\Moderation.Application.csproj", "{C19DFFEE-1917-4802-AA4D-18A560C829F2}"
EndProject
Project("{FAE04EC0-301F-11D3-BF4B-00C04F79EFBC}") = "Moderation.Domain", "src\Services\Moderation\Moderation.Domain\Moderation.Domain.csproj", "{B1C4F974-15FC-459D-8003-CE82D3E84073}"
EndProject
Project("{FAE04EC0-301F-11D3-BF4B-00C04F79EFBC}") = "Moderation.Infrastructure", "src\Services\Moderation\Moderation.Infrastructure\Moderation.Infrastructure.csproj", "{33D5B931-E1EC-4562-9D83-40BCBD88B61C}"
EndProject
Project("{2150E333-8FDC-42A3-9474-1A3956D46DE8}") = "Notification", "Notification", "{C5FBE174-8E0F-F5A3-B929-8BD0C55C0A32}"
EndProject
Project("{FAE04EC0-301F-11D3-BF4B-00C04F79EFBC}") = "Notification.API", "src\Services\Notification\Notification.API\Notification.API.csproj", "{052F36B7-FE78-4A8E-909A-9FF30049E18E}"
EndProject
Project("{FAE04EC0-301F-11D3-BF4B-00C04F79EFBC}") = "Notification.Application", "src\Services\Notification\Notification.Application\Notification.Application.csproj", "{0BF2B09F-534C-408B-BA1D-47377B57D713}"
EndProject
Project("{FAE04EC0-301F-11D3-BF4B-00C04F79EFBC}") = "Notification.Domain", "src\Services\Notification\Notification.Domain\Notification.Domain.csproj", "{28923A24-BD70-4159-8034-2B90923D3C81}"
EndProject
Project("{FAE04EC0-301F-11D3-BF4B-00C04F79EFBC}") = "Notification.Infrastructure", "src\Services\Notification\Notification.Infrastructure\Notification.Infrastructure.csproj", "{1CB4EEB0-A6DF-4490-A5E4-BE5A24BB6AEC}"
EndProject
Global
	GlobalSection(SolutionConfigurationPlatforms) = preSolution
		Debug|Any CPU = Debug|Any CPU
		Debug|x64 = Debug|x64
		Debug|x86 = Debug|x86
		Release|Any CPU = Release|Any CPU
		Release|x64 = Release|x64
		Release|x86 = Release|x86
	EndGlobalSection
	GlobalSection(ProjectConfigurationPlatforms) = postSolution
		{D5CE7DBA-97AF-4096-A243-C9ECAD621D15}.Debug|Any CPU.ActiveCfg = Debug|Any CPU
		{D5CE7DBA-97AF-4096-A243-C9ECAD621D15}.Debug|Any CPU.Build.0 = Debug|Any CPU
		{D5CE7DBA-97AF-4096-A243-C9ECAD621D15}.Debug|x64.ActiveCfg = Debug|Any CPU
		{D5CE7DBA-97AF-4096-A243-C9ECAD621D15}.Debug|x64.Build.0 = Debug|Any CPU
		{D5CE7DBA-97AF-4096-A243-C9ECAD621D15}.Debug|x86.ActiveCfg = Debug|Any CPU
		{D5CE7DBA-97AF-4096-A243-C9ECAD621D15}.Debug|x86.Build.0 = Debug|Any CPU
		{D5CE7DBA-97AF-4096-A243-C9ECAD621D15}.Release|Any CPU.ActiveCfg = Release|Any CPU
		{D5CE7DBA-97AF-4096-A243-C9ECAD621D15}.Release|Any CPU.Build.0 = Release|Any CPU
		{D5CE7DBA-97AF-4096-A243-C9ECAD621D15}.Release|x64.ActiveCfg = Release|Any CPU
		{D5CE7DBA-97AF-4096-A243-C9ECAD621D15}.Release|x64.Build.0 = Release|Any CPU
		{D5CE7DBA-97AF-4096-A243-C9ECAD621D15}.Release|x86.ActiveCfg = Release|Any CPU
		{D5CE7DBA-97AF-4096-A243-C9ECAD621D15}.Release|x86.Build.0 = Release|Any CPU
		{B48B99A0-3EAF-4AFB-896B-E2CEE7F8AB91}.Debug|Any CPU.ActiveCfg = Debug|Any CPU
		{B48B99A0-3EAF-4AFB-896B-E2CEE7F8AB91}.Debug|Any CPU.Build.0 = Debug|Any CPU
		{B48B99A0-3EAF-4AFB-896B-E2CEE7F8AB91}.Debug|x64.ActiveCfg = Debug|Any CPU
		{B48B99A0-3EAF-4AFB-896B-E2CEE7F8AB91}.Debug|x64.Build.0 = Debug|Any CPU
		{B48B99A0-3EAF-4AFB-896B-E2CEE7F8AB91}.Debug|x86.ActiveCfg = Debug|Any CPU
		{B48B99A0-3EAF-4AFB-896B-E2CEE7F8AB91}.Debug|x86.Build.0 = Debug|Any CPU
		{B48B99A0-3EAF-4AFB-896B-E2CEE7F8AB91}.Release|Any CPU.ActiveCfg = Release|Any CPU
		{B48B99A0-3EAF-4AFB-896B-E2CEE7F8AB91}.Release|Any CPU.Build.0 = Release|Any CPU
		{B48B99A0-3EAF-4AFB-896B-E2CEE7F8AB91}.Release|x64.ActiveCfg = Release|Any CPU
		{B48B99A0-3EAF-4AFB-896B-E2CEE7F8AB91}.Release|x64.Build.0 = Release|Any CPU
		{B48B99A0-3EAF-4AFB-896B-E2CEE7F8AB91}.Release|x86.ActiveCfg = Release|Any CPU
		{B48B99A0-3EAF-4AFB-896B-E2CEE7F8AB91}.Release|x86.Build.0 = Release|Any CPU
		{A2054C03-FF15-4050-BFC7-1B5441801F62}.Debug|Any CPU.ActiveCfg = Debug|Any CPU
		{A2054C03-FF15-4050-BFC7-1B5441801F62}.Debug|Any CPU.Build.0 = Debug|Any CPU
		{A2054C03-FF15-4050-BFC7-1B5441801F62}.Debug|x64.ActiveCfg = Debug|Any CPU
		{A2054C03-FF15-4050-BFC7-1B5441801F62}.Debug|x64.Build.0 = Debug|Any CPU
		{A2054C03-FF15-4050-BFC7-1B5441801F62}.Debug|x86.ActiveCfg = Debug|Any CPU
		{A2054C03-FF15-4050-BFC7-1B5441801F62}.Debug|x86.Build.0 = Debug|Any CPU
		{A2054C03-FF15-4050-BFC7-1B5441801F62}.Release|Any CPU.ActiveCfg = Release|Any CPU
		{A2054C03-FF15-4050-BFC7-1B5441801F62}.Release|Any CPU.Build.0 = Release|Any CPU
		{A2054C03-FF15-4050-BFC7-1B5441801F62}.Release|x64.ActiveCfg = Release|Any CPU
		{A2054C03-FF15-4050-BFC7-1B5441801F62}.Release|x64.Build.0 = Release|Any CPU
		{A2054C03-FF15-4050-BFC7-1B5441801F62}.Release|x86.ActiveCfg = Release|Any CPU
		{A2054C03-FF15-4050-BFC7-1B5441801F62}.Release|x86.Build.0 = Release|Any CPU
		{7E2FD0FD-750A-48A8-9A1C-DF68A200F36E}.Debug|Any CPU.ActiveCfg = Debug|Any CPU
		{7E2FD0FD-750A-48A8-9A1C-DF68A200F36E}.Debug|Any CPU.Build.0 = Debug|Any CPU
		{7E2FD0FD-750A-48A8-9A1C-DF68A200F36E}.Debug|x64.ActiveCfg = Debug|Any CPU
		{7E2FD0FD-750A-48A8-9A1C-DF68A200F36E}.Debug|x64.Build.0 = Debug|Any CPU
		{7E2FD0FD-750A-48A8-9A1C-DF68A200F36E}.Debug|x86.ActiveCfg = Debug|Any CPU
		{7E2FD0FD-750A-48A8-9A1C-DF68A200F36E}.Debug|x86.Build.0 = Debug|Any CPU
		{7E2FD0FD-750A-48A8-9A1C-DF68A200F36E}.Release|Any CPU.ActiveCfg = Release|Any CPU
		{7E2FD0FD-750A-48A8-9A1C-DF68A200F36E}.Release|Any CPU.Build.0 = Release|Any CPU
		{7E2FD0FD-750A-48A8-9A1C-DF68A200F36E}.Release|x64.ActiveCfg = Release|Any CPU
		{7E2FD0FD-750A-48A8-9A1C-DF68A200F36E}.Release|x64.Build.0 = Release|Any CPU
		{7E2FD0FD-750A-48A8-9A1C-DF68A200F36E}.Release|x86.ActiveCfg = Release|Any CPU
		{7E2FD0FD-750A-48A8-9A1C-DF68A200F36E}.Release|x86.Build.0 = Release|Any CPU
		{4D3F6A1A-879B-45EC-A5AE-75C884A65A49}.Debug|Any CPU.ActiveCfg = Debug|Any CPU
		{4D3F6A1A-879B-45EC-A5AE-75C884A65A49}.Debug|Any CPU.Build.0 = Debug|Any CPU
		{4D3F6A1A-879B-45EC-A5AE-75C884A65A49}.Debug|x64.ActiveCfg = Debug|Any CPU
		{4D3F6A1A-879B-45EC-A5AE-75C884A65A49}.Debug|x64.Build.0 = Debug|Any CPU
		{4D3F6A1A-879B-45EC-A5AE-75C884A65A49}.Debug|x86.ActiveCfg = Debug|Any CPU
		{4D3F6A1A-879B-45EC-A5AE-75C884A65A49}.Debug|x86.Build.0 = Debug|Any CPU
		{4D3F6A1A-879B-45EC-A5AE-75C884A65A49}.Release|Any CPU.ActiveCfg = Release|Any CPU
		{4D3F6A1A-879B-45EC-A5AE-75C884A65A49}.Release|Any CPU.Build.0 = Release|Any CPU
		{4D3F6A1A-879B-45EC-A5AE-75C884A65A49}.Release|x64.ActiveCfg = Release|Any CPU
		{4D3F6A1A-879B-45EC-A5AE-75C884A65A49}.Release|x64.Build.0 = Release|Any CPU
		{4D3F6A1A-879B-45EC-A5AE-75C884A65A49}.Release|x86.ActiveCfg = Release|Any CPU
		{4D3F6A1A-879B-45EC-A5AE-75C884A65A49}.Release|x86.Build.0 = Release|Any CPU
		{C69CEA6A-08FB-4A40-BF46-EF3BB619B245}.Debug|Any CPU.ActiveCfg = Debug|Any CPU
		{C69CEA6A-08FB-4A40-BF46-EF3BB619B245}.Debug|Any CPU.Build.0 = Debug|Any CPU
		{C69CEA6A-08FB-4A40-BF46-EF3BB619B245}.Debug|x64.ActiveCfg = Debug|Any CPU
		{C69CEA6A-08FB-4A40-BF46-EF3BB619B245}.Debug|x64.Build.0 = Debug|Any CPU
		{C69CEA6A-08FB-4A40-BF46-EF3BB619B245}.Debug|x86.ActiveCfg = Debug|Any CPU
		{C69CEA6A-08FB-4A40-BF46-EF3BB619B245}.Debug|x86.Build.0 = Debug|Any CPU
		{C69CEA6A-08FB-4A40-BF46-EF3BB619B245}.Release|Any CPU.ActiveCfg = Release|Any CPU
		{C69CEA6A-08FB-4A40-BF46-EF3BB619B245}.Release|Any CPU.Build.0 = Release|Any CPU
		{C69CEA6A-08FB-4A40-BF46-EF3BB619B245}.Release|x64.ActiveCfg = Release|Any CPU
		{C69CEA6A-08FB-4A40-BF46-EF3BB619B245}.Release|x64.Build.0 = Release|Any CPU
		{C69CEA6A-08FB-4A40-BF46-EF3BB619B245}.Release|x86.ActiveCfg = Release|Any CPU
		{C69CEA6A-08FB-4A40-BF46-EF3BB619B245}.Release|x86.Build.0 = Release|Any CPU
		{18E34CE7-74D0-44D9-B7E3-72DF0308A42B}.Debug|Any CPU.ActiveCfg = Debug|Any CPU
		{18E34CE7-74D0-44D9-B7E3-72DF0308A42B}.Debug|Any CPU.Build.0 = Debug|Any CPU
		{18E34CE7-74D0-44D9-B7E3-72DF0308A42B}.Debug|x64.ActiveCfg = Debug|Any CPU
		{18E34CE7-74D0-44D9-B7E3-72DF0308A42B}.Debug|x64.Build.0 = Debug|Any CPU
		{18E34CE7-74D0-44D9-B7E3-72DF0308A42B}.Debug|x86.ActiveCfg = Debug|Any CPU
		{18E34CE7-74D0-44D9-B7E3-72DF0308A42B}.Debug|x86.Build.0 = Debug|Any CPU
		{18E34CE7-74D0-44D9-B7E3-72DF0308A42B}.Release|Any CPU.ActiveCfg = Release|Any CPU
		{18E34CE7-74D0-44D9-B7E3-72DF0308A42B}.Release|Any CPU.Build.0 = Release|Any CPU
		{18E34CE7-74D0-44D9-B7E3-72DF0308A42B}.Release|x64.ActiveCfg = Release|Any CPU
		{18E34CE7-74D0-44D9-B7E3-72DF0308A42B}.Release|x64.Build.0 = Release|Any CPU
		{18E34CE7-74D0-44D9-B7E3-72DF0308A42B}.Release|x86.ActiveCfg = Release|Any CPU
		{18E34CE7-74D0-44D9-B7E3-72DF0308A42B}.Release|x86.Build.0 = Release|Any CPU
		{BD97AB0E-194F-47E5-A75A-05DDB88B6428}.Debug|Any CPU.ActiveCfg = Debug|Any CPU
		{BD97AB0E-194F-47E5-A75A-05DDB88B6428}.Debug|Any CPU.Build.0 = Debug|Any CPU
		{BD97AB0E-194F-47E5-A75A-05DDB88B6428}.Debug|x64.ActiveCfg = Debug|Any CPU
		{BD97AB0E-194F-47E5-A75A-05DDB88B6428}.Debug|x64.Build.0 = Debug|Any CPU
		{BD97AB0E-194F-47E5-A75A-05DDB88B6428}.Debug|x86.ActiveCfg = Debug|Any CPU
		{BD97AB0E-194F-47E5-A75A-05DDB88B6428}.Debug|x86.Build.0 = Debug|Any CPU
		{BD97AB0E-194F-47E5-A75A-05DDB88B6428}.Release|Any CPU.ActiveCfg = Release|Any CPU
		{BD97AB0E-194F-47E5-A75A-05DDB88B6428}.Release|Any CPU.Build.0 = Release|Any CPU
		{BD97AB0E-194F-47E5-A75A-05DDB88B6428}.Release|x64.ActiveCfg = Release|Any CPU
		{BD97AB0E-194F-47E5-A75A-05DDB88B6428}.Release|x64.Build.0 = Release|Any CPU
		{BD97AB0E-194F-47E5-A75A-05DDB88B6428}.Release|x86.ActiveCfg = Release|Any CPU
		{BD97AB0E-194F-47E5-A75A-05DDB88B6428}.Release|x86.Build.0 = Release|Any CPU
		{AEFD200A-9187-48F4-A8F7-A930E06925FD}.Debug|Any CPU.ActiveCfg = Debug|Any CPU
		{AEFD200A-9187-48F4-A8F7-A930E06925FD}.Debug|Any CPU.Build.0 = Debug|Any CPU
		{AEFD200A-9187-48F4-A8F7-A930E06925FD}.Debug|x64.ActiveCfg = Debug|Any CPU
		{AEFD200A-9187-48F4-A8F7-A930E06925FD}.Debug|x64.Build.0 = Debug|Any CPU
		{AEFD200A-9187-48F4-A8F7-A930E06925FD}.Debug|x86.ActiveCfg = Debug|Any CPU
		{AEFD200A-9187-48F4-A8F7-A930E06925FD}.Debug|x86.Build.0 = Debug|Any CPU
		{AEFD200A-9187-48F4-A8F7-A930E06925FD}.Release|Any CPU.ActiveCfg = Release|Any CPU
		{AEFD200A-9187-48F4-A8F7-A930E06925FD}.Release|Any CPU.Build.0 = Release|Any CPU
		{AEFD200A-9187-48F4-A8F7-A930E06925FD}.Release|x64.ActiveCfg = Release|Any CPU
		{AEFD200A-9187-48F4-A8F7-A930E06925FD}.Release|x64.Build.0 = Release|Any CPU
		{AEFD200A-9187-48F4-A8F7-A930E06925FD}.Release|x86.ActiveCfg = Release|Any CPU
		{AEFD200A-9187-48F4-A8F7-A930E06925FD}.Release|x86.Build.0 = Release|Any CPU
		{51742D3A-0DC2-4482-B54F-C1066D9AA159}.Debug|Any CPU.ActiveCfg = Debug|Any CPU
		{51742D3A-0DC2-4482-B54F-C1066D9AA159}.Debug|Any CPU.Build.0 = Debug|Any CPU
		{51742D3A-0DC2-4482-B54F-C1066D9AA159}.Debug|x64.ActiveCfg = Debug|Any CPU
		{51742D3A-0DC2-4482-B54F-C1066D9AA159}.Debug|x64.Build.0 = Debug|Any CPU
		{51742D3A-0DC2-4482-B54F-C1066D9AA159}.Debug|x86.ActiveCfg = Debug|Any CPU
		{51742D3A-0DC2-4482-B54F-C1066D9AA159}.Debug|x86.Build.0 = Debug|Any CPU
		{51742D3A-0DC2-4482-B54F-C1066D9AA159}.Release|Any CPU.ActiveCfg = Release|Any CPU
		{51742D3A-0DC2-4482-B54F-C1066D9AA159}.Release|Any CPU.Build.0 = Release|Any CPU
		{51742D3A-0DC2-4482-B54F-C1066D9AA159}.Release|x64.ActiveCfg = Release|Any CPU
		{51742D3A-0DC2-4482-B54F-C1066D9AA159}.Release|x64.Build.0 = Release|Any CPU
		{51742D3A-0DC2-4482-B54F-C1066D9AA159}.Release|x86.ActiveCfg = Release|Any CPU
		{51742D3A-0DC2-4482-B54F-C1066D9AA159}.Release|x86.Build.0 = Release|Any CPU
		{76F42F55-E9E4-4204-81E3-7FEA14D0DABC}.Debug|Any CPU.ActiveCfg = Debug|Any CPU
		{76F42F55-E9E4-4204-81E3-7FEA14D0DABC}.Debug|Any CPU.Build.0 = Debug|Any CPU
		{76F42F55-E9E4-4204-81E3-7FEA14D0DABC}.Debug|x64.ActiveCfg = Debug|Any CPU
		{76F42F55-E9E4-4204-81E3-7FEA14D0DABC}.Debug|x64.Build.0 = Debug|Any CPU
		{76F42F55-E9E4-4204-81E3-7FEA14D0DABC}.Debug|x86.ActiveCfg = Debug|Any CPU
		{76F42F55-E9E4-4204-81E3-7FEA14D0DABC}.Debug|x86.Build.0 = Debug|Any CPU
		{76F42F55-E9E4-4204-81E3-7FEA14D0DABC}.Release|Any CPU.ActiveCfg = Release|Any CPU
		{76F42F55-E9E4-4204-81E3-7FEA14D0DABC}.Release|Any CPU.Build.0 = Release|Any CPU
		{76F42F55-E9E4-4204-81E3-7FEA14D0DABC}.Release|x64.ActiveCfg = Release|Any CPU
		{76F42F55-E9E4-4204-81E3-7FEA14D0DABC}.Release|x64.Build.0 = Release|Any CPU
		{76F42F55-E9E4-4204-81E3-7FEA14D0DABC}.Release|x86.ActiveCfg = Release|Any CPU
		{76F42F55-E9E4-4204-81E3-7FEA14D0DABC}.Release|x86.Build.0 = Release|Any CPU
		{80F39C51-F7D7-492F-9B44-31D8A0686406}.Debug|Any CPU.ActiveCfg = Debug|Any CPU
		{80F39C51-F7D7-492F-9B44-31D8A0686406}.Debug|Any CPU.Build.0 = Debug|Any CPU
		{80F39C51-F7D7-492F-9B44-31D8A0686406}.Debug|x64.ActiveCfg = Debug|Any CPU
		{80F39C51-F7D7-492F-9B44-31D8A0686406}.Debug|x64.Build.0 = Debug|Any CPU
		{80F39C51-F7D7-492F-9B44-31D8A0686406}.Debug|x86.ActiveCfg = Debug|Any CPU
		{80F39C51-F7D7-492F-9B44-31D8A0686406}.Debug|x86.Build.0 = Debug|Any CPU
		{80F39C51-F7D7-492F-9B44-31D8A0686406}.Release|Any CPU.ActiveCfg = Release|Any CPU
		{80F39C51-F7D7-492F-9B44-31D8A0686406}.Release|Any CPU.Build.0 = Release|Any CPU
		{80F39C51-F7D7-492F-9B44-31D8A0686406}.Release|x64.ActiveCfg = Release|Any CPU
		{80F39C51-F7D7-492F-9B44-31D8A0686406}.Release|x64.Build.0 = Release|Any CPU
		{80F39C51-F7D7-492F-9B44-31D8A0686406}.Release|x86.ActiveCfg = Release|Any CPU
		{80F39C51-F7D7-492F-9B44-31D8A0686406}.Release|x86.Build.0 = Release|Any CPU
		{D47FF266-9E2F-4F25-A50B-A0D637ADE311}.Debug|Any CPU.ActiveCfg = Debug|Any CPU
		{D47FF266-9E2F-4F25-A50B-A0D637ADE311}.Debug|Any CPU.Build.0 = Debug|Any CPU
		{D47FF266-9E2F-4F25-A50B-A0D637ADE311}.Debug|x64.ActiveCfg = Debug|Any CPU
		{D47FF266-9E2F-4F25-A50B-A0D637ADE311}.Debug|x64.Build.0 = Debug|Any CPU
		{D47FF266-9E2F-4F25-A50B-A0D637ADE311}.Debug|x86.ActiveCfg = Debug|Any CPU
		{D47FF266-9E2F-4F25-A50B-A0D637ADE311}.Debug|x86.Build.0 = Debug|Any CPU
		{D47FF266-9E2F-4F25-A50B-A0D637ADE311}.Release|Any CPU.ActiveCfg = Release|Any CPU
		{D47FF266-9E2F-4F25-A50B-A0D637ADE311}.Release|Any CPU.Build.0 = Release|Any CPU
		{D47FF266-9E2F-4F25-A50B-A0D637ADE311}.Release|x64.ActiveCfg = Release|Any CPU
		{D47FF266-9E2F-4F25-A50B-A0D637ADE311}.Release|x64.Build.0 = Release|Any CPU
		{D47FF266-9E2F-4F25-A50B-A0D637ADE311}.Release|x86.ActiveCfg = Release|Any CPU
		{D47FF266-9E2F-4F25-A50B-A0D637ADE311}.Release|x86.Build.0 = Release|Any CPU
		{E54DF6AA-B6EE-440A-AD5F-6C86342EF2F7}.Debug|Any CPU.ActiveCfg = Debug|Any CPU
		{E54DF6AA-B6EE-440A-AD5F-6C86342EF2F7}.Debug|Any CPU.Build.0 = Debug|Any CPU
		{E54DF6AA-B6EE-440A-AD5F-6C86342EF2F7}.Debug|x64.ActiveCfg = Debug|Any CPU
		{E54DF6AA-B6EE-440A-AD5F-6C86342EF2F7}.Debug|x64.Build.0 = Debug|Any CPU
		{E54DF6AA-B6EE-440A-AD5F-6C86342EF2F7}.Debug|x86.ActiveCfg = Debug|Any CPU
		{E54DF6AA-B6EE-440A-AD5F-6C86342EF2F7}.Debug|x86.Build.0 = Debug|Any CPU
		{E54DF6AA-B6EE-440A-AD5F-6C86342EF2F7}.Release|Any CPU.ActiveCfg = Release|Any CPU
		{E54DF6AA-B6EE-440A-AD5F-6C86342EF2F7}.Release|Any CPU.Build.0 = Release|Any CPU
		{E54DF6AA-B6EE-440A-AD5F-6C86342EF2F7}.Release|x64.ActiveCfg = Release|Any CPU
		{E54DF6AA-B6EE-440A-AD5F-6C86342EF2F7}.Release|x64.Build.0 = Release|Any CPU
		{E54DF6AA-B6EE-440A-AD5F-6C86342EF2F7}.Release|x86.ActiveCfg = Release|Any CPU
		{E54DF6AA-B6EE-440A-AD5F-6C86342EF2F7}.Release|x86.Build.0 = Release|Any CPU
		{F7FA53E8-EC59-4110-8BEB-B2253D4A195B}.Debug|Any CPU.ActiveCfg = Debug|Any CPU
		{F7FA53E8-EC59-4110-8BEB-B2253D4A195B}.Debug|Any CPU.Build.0 = Debug|Any CPU
		{F7FA53E8-EC59-4110-8BEB-B2253D4A195B}.Debug|x64.ActiveCfg = Debug|Any CPU
		{F7FA53E8-EC59-4110-8BEB-B2253D4A195B}.Debug|x64.Build.0 = Debug|Any CPU
		{F7FA53E8-EC59-4110-8BEB-B2253D4A195B}.Debug|x86.ActiveCfg = Debug|Any CPU
		{F7FA53E8-EC59-4110-8BEB-B2253D4A195B}.Debug|x86.Build.0 = Debug|Any CPU
		{F7FA53E8-EC59-4110-8BEB-B2253D4A195B}.Release|Any CPU.ActiveCfg = Release|Any CPU
		{F7FA53E8-EC59-4110-8BEB-B2253D4A195B}.Release|Any CPU.Build.0 = Release|Any CPU
		{F7FA53E8-EC59-4110-8BEB-B2253D4A195B}.Release|x64.ActiveCfg = Release|Any CPU
		{F7FA53E8-EC59-4110-8BEB-B2253D4A195B}.Release|x64.Build.0 = Release|Any CPU
		{F7FA53E8-EC59-4110-8BEB-B2253D4A195B}.Release|x86.ActiveCfg = Release|Any CPU
		{F7FA53E8-EC59-4110-8BEB-B2253D4A195B}.Release|x86.Build.0 = Release|Any CPU
		{7A710482-8E53-4DC3-96F9-68F1AF5B508D}.Debug|Any CPU.ActiveCfg = Debug|Any CPU
		{7A710482-8E53-4DC3-96F9-68F1AF5B508D}.Debug|Any CPU.Build.0 = Debug|Any CPU
		{7A710482-8E53-4DC3-96F9-68F1AF5B508D}.Debug|x64.ActiveCfg = Debug|Any CPU
		{7A710482-8E53-4DC3-96F9-68F1AF5B508D}.Debug|x64.Build.0 = Debug|Any CPU
		{7A710482-8E53-4DC3-96F9-68F1AF5B508D}.Debug|x86.ActiveCfg = Debug|Any CPU
		{7A710482-8E53-4DC3-96F9-68F1AF5B508D}.Debug|x86.Build.0 = Debug|Any CPU
		{7A710482-8E53-4DC3-96F9-68F1AF5B508D}.Release|Any CPU.ActiveCfg = Release|Any CPU
		{7A710482-8E53-4DC3-96F9-68F1AF5B508D}.Release|Any CPU.Build.0 = Release|Any CPU
		{7A710482-8E53-4DC3-96F9-68F1AF5B508D}.Release|x64.ActiveCfg = Release|Any CPU
		{7A710482-8E53-4DC3-96F9-68F1AF5B508D}.Release|x64.Build.0 = Release|Any CPU
		{7A710482-8E53-4DC3-96F9-68F1AF5B508D}.Release|x86.ActiveCfg = Release|Any CPU
		{7A710482-8E53-4DC3-96F9-68F1AF5B508D}.Release|x86.Build.0 = Release|Any CPU
		{DA7DF26B-E6FB-4427-AA68-9AA2E0400374}.Debug|Any CPU.ActiveCfg = Debug|Any CPU
		{DA7DF26B-E6FB-4427-AA68-9AA2E0400374}.Debug|Any CPU.Build.0 = Debug|Any CPU
		{DA7DF26B-E6FB-4427-AA68-9AA2E0400374}.Debug|x64.ActiveCfg = Debug|Any CPU
		{DA7DF26B-E6FB-4427-AA68-9AA2E0400374}.Debug|x64.Build.0 = Debug|Any CPU
		{DA7DF26B-E6FB-4427-AA68-9AA2E0400374}.Debug|x86.ActiveCfg = Debug|Any CPU
		{DA7DF26B-E6FB-4427-AA68-9AA2E0400374}.Debug|x86.Build.0 = Debug|Any CPU
		{DA7DF26B-E6FB-4427-AA68-9AA2E0400374}.Release|Any CPU.ActiveCfg = Release|Any CPU
		{DA7DF26B-E6FB-4427-AA68-9AA2E0400374}.Release|Any CPU.Build.0 = Release|Any CPU
		{DA7DF26B-E6FB-4427-AA68-9AA2E0400374}.Release|x64.ActiveCfg = Release|Any CPU
		{DA7DF26B-E6FB-4427-AA68-9AA2E0400374}.Release|x64.Build.0 = Release|Any CPU
		{DA7DF26B-E6FB-4427-AA68-9AA2E0400374}.Release|x86.ActiveCfg = Release|Any CPU
		{DA7DF26B-E6FB-4427-AA68-9AA2E0400374}.Release|x86.Build.0 = Release|Any CPU
		{8872691F-35AC-4515-9572-CC7193E9E665}.Debug|Any CPU.ActiveCfg = Debug|Any CPU
		{8872691F-35AC-4515-9572-CC7193E9E665}.Debug|Any CPU.Build.0 = Debug|Any CPU
		{8872691F-35AC-4515-9572-CC7193E9E665}.Debug|x64.ActiveCfg = Debug|Any CPU
		{8872691F-35AC-4515-9572-CC7193E9E665}.Debug|x64.Build.0 = Debug|Any CPU
		{8872691F-35AC-4515-9572-CC7193E9E665}.Debug|x86.ActiveCfg = Debug|Any CPU
		{8872691F-35AC-4515-9572-CC7193E9E665}.Debug|x86.Build.0 = Debug|Any CPU
		{8872691F-35AC-4515-9572-CC7193E9E665}.Release|Any CPU.ActiveCfg = Release|Any CPU
		{8872691F-35AC-4515-9572-CC7193E9E665}.Release|Any CPU.Build.0 = Release|Any CPU
		{8872691F-35AC-4515-9572-CC7193E9E665}.Release|x64.ActiveCfg = Release|Any CPU
		{8872691F-35AC-4515-9572-CC7193E9E665}.Release|x64.Build.0 = Release|Any CPU
		{8872691F-35AC-4515-9572-CC7193E9E665}.Release|x86.ActiveCfg = Release|Any CPU
		{8872691F-35AC-4515-9572-CC7193E9E665}.Release|x86.Build.0 = Release|Any CPU
		{E246EDAC-1F73-47C7-A605-95532D715C20}.Debug|Any CPU.ActiveCfg = Debug|Any CPU
		{E246EDAC-1F73-47C7-A605-95532D715C20}.Debug|Any CPU.Build.0 = Debug|Any CPU
		{E246EDAC-1F73-47C7-A605-95532D715C20}.Debug|x64.ActiveCfg = Debug|Any CPU
		{E246EDAC-1F73-47C7-A605-95532D715C20}.Debug|x64.Build.0 = Debug|Any CPU
		{E246EDAC-1F73-47C7-A605-95532D715C20}.Debug|x86.ActiveCfg = Debug|Any CPU
		{E246EDAC-1F73-47C7-A605-95532D715C20}.Debug|x86.Build.0 = Debug|Any CPU
		{E246EDAC-1F73-47C7-A605-95532D715C20}.Release|Any CPU.ActiveCfg = Release|Any CPU
		{E246EDAC-1F73-47C7-A605-95532D715C20}.Release|Any CPU.Build.0 = Release|Any CPU
		{E246EDAC-1F73-47C7-A605-95532D715C20}.Release|x64.ActiveCfg = Release|Any CPU
		{E246EDAC-1F73-47C7-A605-95532D715C20}.Release|x64.Build.0 = Release|Any CPU
		{E246EDAC-1F73-47C7-A605-95532D715C20}.Release|x86.ActiveCfg = Release|Any CPU
		{E246EDAC-1F73-47C7-A605-95532D715C20}.Release|x86.Build.0 = Release|Any CPU
		{6839363D-C2A3-4ED1-92CE-BF99669AF42A}.Debug|Any CPU.ActiveCfg = Debug|Any CPU
		{6839363D-C2A3-4ED1-92CE-BF99669AF42A}.Debug|Any CPU.Build.0 = Debug|Any CPU
		{6839363D-C2A3-4ED1-92CE-BF99669AF42A}.Debug|x64.ActiveCfg = Debug|Any CPU
		{6839363D-C2A3-4ED1-92CE-BF99669AF42A}.Debug|x64.Build.0 = Debug|Any CPU
		{6839363D-C2A3-4ED1-92CE-BF99669AF42A}.Debug|x86.ActiveCfg = Debug|Any CPU
		{6839363D-C2A3-4ED1-92CE-BF99669AF42A}.Debug|x86.Build.0 = Debug|Any CPU
		{6839363D-C2A3-4ED1-92CE-BF99669AF42A}.Release|Any CPU.ActiveCfg = Release|Any CPU
		{6839363D-C2A3-4ED1-92CE-BF99669AF42A}.Release|Any CPU.Build.0 = Release|Any CPU
		{6839363D-C2A3-4ED1-92CE-BF99669AF42A}.Release|x64.ActiveCfg = Release|Any CPU
		{6839363D-C2A3-4ED1-92CE-BF99669AF42A}.Release|x64.Build.0 = Release|Any CPU
		{6839363D-C2A3-4ED1-92CE-BF99669AF42A}.Release|x86.ActiveCfg = Release|Any CPU
		{6839363D-C2A3-4ED1-92CE-BF99669AF42A}.Release|x86.Build.0 = Release|Any CPU
		{39C48BEC-54F0-4209-8802-0CE89805CA4D}.Debug|Any CPU.ActiveCfg = Debug|Any CPU
		{39C48BEC-54F0-4209-8802-0CE89805CA4D}.Debug|Any CPU.Build.0 = Debug|Any CPU
		{39C48BEC-54F0-4209-8802-0CE89805CA4D}.Debug|x64.ActiveCfg = Debug|Any CPU
		{39C48BEC-54F0-4209-8802-0CE89805CA4D}.Debug|x64.Build.0 = Debug|Any CPU
		{39C48BEC-54F0-4209-8802-0CE89805CA4D}.Debug|x86.ActiveCfg = Debug|Any CPU
		{39C48BEC-54F0-4209-8802-0CE89805CA4D}.Debug|x86.Build.0 = Debug|Any CPU
		{39C48BEC-54F0-4209-8802-0CE89805CA4D}.Release|Any CPU.ActiveCfg = Release|Any CPU
		{39C48BEC-54F0-4209-8802-0CE89805CA4D}.Release|Any CPU.Build.0 = Release|Any CPU
		{39C48BEC-54F0-4209-8802-0CE89805CA4D}.Release|x64.ActiveCfg = Release|Any CPU
		{39C48BEC-54F0-4209-8802-0CE89805CA4D}.Release|x64.Build.0 = Release|Any CPU
		{39C48BEC-54F0-4209-8802-0CE89805CA4D}.Release|x86.ActiveCfg = Release|Any CPU
		{39C48BEC-54F0-4209-8802-0CE89805CA4D}.Release|x86.Build.0 = Release|Any CPU
		{42AAEE9A-3095-4033-A204-2A11F6BE4938}.Debug|Any CPU.ActiveCfg = Debug|Any CPU
		{42AAEE9A-3095-4033-A204-2A11F6BE4938}.Debug|Any CPU.Build.0 = Debug|Any CPU
		{42AAEE9A-3095-4033-A204-2A11F6BE4938}.Debug|x64.ActiveCfg = Debug|Any CPU
		{42AAEE9A-3095-4033-A204-2A11F6BE4938}.Debug|x64.Build.0 = Debug|Any CPU
		{42AAEE9A-3095-4033-A204-2A11F6BE4938}.Debug|x86.ActiveCfg = Debug|Any CPU
		{42AAEE9A-3095-4033-A204-2A11F6BE4938}.Debug|x86.Build.0 = Debug|Any CPU
		{42AAEE9A-3095-4033-A204-2A11F6BE4938}.Release|Any CPU.ActiveCfg = Release|Any CPU
		{42AAEE9A-3095-4033-A204-2A11F6BE4938}.Release|Any CPU.Build.0 = Release|Any CPU
		{42AAEE9A-3095-4033-A204-2A11F6BE4938}.Release|x64.ActiveCfg = Release|Any CPU
		{42AAEE9A-3095-4033-A204-2A11F6BE4938}.Release|x64.Build.0 = Release|Any CPU
		{42AAEE9A-3095-4033-A204-2A11F6BE4938}.Release|x86.ActiveCfg = Release|Any CPU
		{42AAEE9A-3095-4033-A204-2A11F6BE4938}.Release|x86.Build.0 = Release|Any CPU
		{54B2CB09-AC84-4D4A-90D0-4F1A8D1EFF85}.Debug|Any CPU.ActiveCfg = Debug|Any CPU
		{54B2CB09-AC84-4D4A-90D0-4F1A8D1EFF85}.Debug|Any CPU.Build.0 = Debug|Any CPU
		{54B2CB09-AC84-4D4A-90D0-4F1A8D1EFF85}.Debug|x64.ActiveCfg = Debug|Any CPU
		{54B2CB09-AC84-4D4A-90D0-4F1A8D1EFF85}.Debug|x64.Build.0 = Debug|Any CPU
		{54B2CB09-AC84-4D4A-90D0-4F1A8D1EFF85}.Debug|x86.ActiveCfg = Debug|Any CPU
		{54B2CB09-AC84-4D4A-90D0-4F1A8D1EFF85}.Debug|x86.Build.0 = Debug|Any CPU
		{54B2CB09-AC84-4D4A-90D0-4F1A8D1EFF85}.Release|Any CPU.ActiveCfg = Release|Any CPU
		{54B2CB09-AC84-4D4A-90D0-4F1A8D1EFF85}.Release|Any CPU.Build.0 = Release|Any CPU
		{54B2CB09-AC84-4D4A-90D0-4F1A8D1EFF85}.Release|x64.ActiveCfg = Release|Any CPU
		{54B2CB09-AC84-4D4A-90D0-4F1A8D1EFF85}.Release|x64.Build.0 = Release|Any CPU
		{54B2CB09-AC84-4D4A-90D0-4F1A8D1EFF85}.Release|x86.ActiveCfg = Release|Any CPU
		{54B2CB09-AC84-4D4A-90D0-4F1A8D1EFF85}.Release|x86.Build.0 = Release|Any CPU
		{8DF4C7C9-FEAA-4B43-B759-073553254700}.Debug|Any CPU.ActiveCfg = Debug|Any CPU
		{8DF4C7C9-FEAA-4B43-B759-073553254700}.Debug|Any CPU.Build.0 = Debug|Any CPU
		{8DF4C7C9-FEAA-4B43-B759-073553254700}.Debug|x64.ActiveCfg = Debug|Any CPU
		{8DF4C7C9-FEAA-4B43-B759-073553254700}.Debug|x64.Build.0 = Debug|Any CPU
		{8DF4C7C9-FEAA-4B43-B759-073553254700}.Debug|x86.ActiveCfg = Debug|Any CPU
		{8DF4C7C9-FEAA-4B43-B759-073553254700}.Debug|x86.Build.0 = Debug|Any CPU
		{8DF4C7C9-FEAA-4B43-B759-073553254700}.Release|Any CPU.ActiveCfg = Release|Any CPU
		{8DF4C7C9-FEAA-4B43-B759-073553254700}.Release|Any CPU.Build.0 = Release|Any CPU
		{8DF4C7C9-FEAA-4B43-B759-073553254700}.Release|x64.ActiveCfg = Release|Any CPU
		{8DF4C7C9-FEAA-4B43-B759-073553254700}.Release|x64.Build.0 = Release|Any CPU
		{8DF4C7C9-FEAA-4B43-B759-073553254700}.Release|x86.ActiveCfg = Release|Any CPU
		{8DF4C7C9-FEAA-4B43-B759-073553254700}.Release|x86.Build.0 = Release|Any CPU
		{BE27BF5B-83B0-4A3E-B463-0A097A1739C1}.Debug|Any CPU.ActiveCfg = Debug|Any CPU
		{BE27BF5B-83B0-4A3E-B463-0A097A1739C1}.Debug|Any CPU.Build.0 = Debug|Any CPU
		{BE27BF5B-83B0-4A3E-B463-0A097A1739C1}.Debug|x64.ActiveCfg = Debug|Any CPU
		{BE27BF5B-83B0-4A3E-B463-0A097A1739C1}.Debug|x64.Build.0 = Debug|Any CPU
		{BE27BF5B-83B0-4A3E-B463-0A097A1739C1}.Debug|x86.ActiveCfg = Debug|Any CPU
		{BE27BF5B-83B0-4A3E-B463-0A097A1739C1}.Debug|x86.Build.0 = Debug|Any CPU
		{BE27BF5B-83B0-4A3E-B463-0A097A1739C1}.Release|Any CPU.ActiveCfg = Release|Any CPU
		{BE27BF5B-83B0-4A3E-B463-0A097A1739C1}.Release|Any CPU.Build.0 = Release|Any CPU
		{BE27BF5B-83B0-4A3E-B463-0A097A1739C1}.Release|x64.ActiveCfg = Release|Any CPU
		{BE27BF5B-83B0-4A3E-B463-0A097A1739C1}.Release|x64.Build.0 = Release|Any CPU
		{BE27BF5B-83B0-4A3E-B463-0A097A1739C1}.Release|x86.ActiveCfg = Release|Any CPU
		{BE27BF5B-83B0-4A3E-B463-0A097A1739C1}.Release|x86.Build.0 = Release|Any CPU
		{1BBD0E2C-3A9F-43B2-AE6A-48B1D1DABCDF}.Debug|Any CPU.ActiveCfg = Debug|Any CPU
		{1BBD0E2C-3A9F-43B2-AE6A-48B1D1DABCDF}.Debug|Any CPU.Build.0 = Debug|Any CPU
		{1BBD0E2C-3A9F-43B2-AE6A-48B1D1DABCDF}.Debug|x64.ActiveCfg = Debug|Any CPU
		{1BBD0E2C-3A9F-43B2-AE6A-48B1D1DABCDF}.Debug|x64.Build.0 = Debug|Any CPU
		{1BBD0E2C-3A9F-43B2-AE6A-48B1D1DABCDF}.Debug|x86.ActiveCfg = Debug|Any CPU
		{1BBD0E2C-3A9F-43B2-AE6A-48B1D1DABCDF}.Debug|x86.Build.0 = Debug|Any CPU
		{1BBD0E2C-3A9F-43B2-AE6A-48B1D1DABCDF}.Release|Any CPU.ActiveCfg = Release|Any CPU
		{1BBD0E2C-3A9F-43B2-AE6A-48B1D1DABCDF}.Release|Any CPU.Build.0 = Release|Any CPU
		{1BBD0E2C-3A9F-43B2-AE6A-48B1D1DABCDF}.Release|x64.ActiveCfg = Release|Any CPU
		{1BBD0E2C-3A9F-43B2-AE6A-48B1D1DABCDF}.Release|x64.Build.0 = Release|Any CPU
		{1BBD0E2C-3A9F-43B2-AE6A-48B1D1DABCDF}.Release|x86.ActiveCfg = Release|Any CPU
		{1BBD0E2C-3A9F-43B2-AE6A-48B1D1DABCDF}.Release|x86.Build.0 = Release|Any CPU
		{8F2F6799-E876-4DD6-99FE-F83C4E7F1A59}.Debug|Any CPU.ActiveCfg = Debug|Any CPU
		{8F2F6799-E876-4DD6-99FE-F83C4E7F1A59}.Debug|Any CPU.Build.0 = Debug|Any CPU
		{8F2F6799-E876-4DD6-99FE-F83C4E7F1A59}.Debug|x64.ActiveCfg = Debug|Any CPU
		{8F2F6799-E876-4DD6-99FE-F83C4E7F1A59}.Debug|x64.Build.0 = Debug|Any CPU
		{8F2F6799-E876-4DD6-99FE-F83C4E7F1A59}.Debug|x86.ActiveCfg = Debug|Any CPU
		{8F2F6799-E876-4DD6-99FE-F83C4E7F1A59}.Debug|x86.Build.0 = Debug|Any CPU
		{8F2F6799-E876-4DD6-99FE-F83C4E7F1A59}.Release|Any CPU.ActiveCfg = Release|Any CPU
		{8F2F6799-E876-4DD6-99FE-F83C4E7F1A59}.Release|Any CPU.Build.0 = Release|Any CPU
		{8F2F6799-E876-4DD6-99FE-F83C4E7F1A59}.Release|x64.ActiveCfg = Release|Any CPU
		{8F2F6799-E876-4DD6-99FE-F83C4E7F1A59}.Release|x64.Build.0 = Release|Any CPU
		{8F2F6799-E876-4DD6-99FE-F83C4E7F1A59}.Release|x86.ActiveCfg = Release|Any CPU
		{8F2F6799-E876-4DD6-99FE-F83C4E7F1A59}.Release|x86.Build.0 = Release|Any CPU
		{94FA9E59-1F42-4487-A703-5D4C2FE3A83C}.Debug|Any CPU.ActiveCfg = Debug|Any CPU
		{94FA9E59-1F42-4487-A703-5D4C2FE3A83C}.Debug|Any CPU.Build.0 = Debug|Any CPU
		{94FA9E59-1F42-4487-A703-5D4C2FE3A83C}.Debug|x64.ActiveCfg = Debug|Any CPU
		{94FA9E59-1F42-4487-A703-5D4C2FE3A83C}.Debug|x64.Build.0 = Debug|Any CPU
		{94FA9E59-1F42-4487-A703-5D4C2FE3A83C}.Debug|x86.ActiveCfg = Debug|Any CPU
		{94FA9E59-1F42-4487-A703-5D4C2FE3A83C}.Debug|x86.Build.0 = Debug|Any CPU
		{94FA9E59-1F42-4487-A703-5D4C2FE3A83C}.Release|Any CPU.ActiveCfg = Release|Any CPU
		{94FA9E59-1F42-4487-A703-5D4C2FE3A83C}.Release|Any CPU.Build.0 = Release|Any CPU
		{94FA9E59-1F42-4487-A703-5D4C2FE3A83C}.Release|x64.ActiveCfg = Release|Any CPU
		{94FA9E59-1F42-4487-A703-5D4C2FE3A83C}.Release|x64.Build.0 = Release|Any CPU
		{94FA9E59-1F42-4487-A703-5D4C2FE3A83C}.Release|x86.ActiveCfg = Release|Any CPU
		{94FA9E59-1F42-4487-A703-5D4C2FE3A83C}.Release|x86.Build.0 = Release|Any CPU
		{B60071B3-1385-45E2-9675-038222CFBA8E}.Debug|Any CPU.ActiveCfg = Debug|Any CPU
		{B60071B3-1385-45E2-9675-038222CFBA8E}.Debug|Any CPU.Build.0 = Debug|Any CPU
		{B60071B3-1385-45E2-9675-038222CFBA8E}.Debug|x64.ActiveCfg = Debug|Any CPU
		{B60071B3-1385-45E2-9675-038222CFBA8E}.Debug|x64.Build.0 = Debug|Any CPU
		{B60071B3-1385-45E2-9675-038222CFBA8E}.Debug|x86.ActiveCfg = Debug|Any CPU
		{B60071B3-1385-45E2-9675-038222CFBA8E}.Debug|x86.Build.0 = Debug|Any CPU
		{B60071B3-1385-45E2-9675-038222CFBA8E}.Release|Any CPU.ActiveCfg = Release|Any CPU
		{B60071B3-1385-45E2-9675-038222CFBA8E}.Release|Any CPU.Build.0 = Release|Any CPU
		{B60071B3-1385-45E2-9675-038222CFBA8E}.Release|x64.ActiveCfg = Release|Any CPU
		{B60071B3-1385-45E2-9675-038222CFBA8E}.Release|x64.Build.0 = Release|Any CPU
		{B60071B3-1385-45E2-9675-038222CFBA8E}.Release|x86.ActiveCfg = Release|Any CPU
		{B60071B3-1385-45E2-9675-038222CFBA8E}.Release|x86.Build.0 = Release|Any CPU
		{1B89B46F-EE87-44C2-9FE4-CFCACF965468}.Debug|Any CPU.ActiveCfg = Debug|Any CPU
		{1B89B46F-EE87-44C2-9FE4-CFCACF965468}.Debug|Any CPU.Build.0 = Debug|Any CPU
		{1B89B46F-EE87-44C2-9FE4-CFCACF965468}.Debug|x64.ActiveCfg = Debug|Any CPU
		{1B89B46F-EE87-44C2-9FE4-CFCACF965468}.Debug|x64.Build.0 = Debug|Any CPU
		{1B89B46F-EE87-44C2-9FE4-CFCACF965468}.Debug|x86.ActiveCfg = Debug|Any CPU
		{1B89B46F-EE87-44C2-9FE4-CFCACF965468}.Debug|x86.Build.0 = Debug|Any CPU
		{1B89B46F-EE87-44C2-9FE4-CFCACF965468}.Release|Any CPU.ActiveCfg = Release|Any CPU
		{1B89B46F-EE87-44C2-9FE4-CFCACF965468}.Release|Any CPU.Build.0 = Release|Any CPU
		{1B89B46F-EE87-44C2-9FE4-CFCACF965468}.Release|x64.ActiveCfg = Release|Any CPU
		{1B89B46F-EE87-44C2-9FE4-CFCACF965468}.Release|x64.Build.0 = Release|Any CPU
		{1B89B46F-EE87-44C2-9FE4-CFCACF965468}.Release|x86.ActiveCfg = Release|Any CPU
		{1B89B46F-EE87-44C2-9FE4-CFCACF965468}.Release|x86.Build.0 = Release|Any CPU
		{C7D7BE7D-A7B5-49BA-A85A-8B90FCC86F34}.Debug|Any CPU.ActiveCfg = Debug|Any CPU
		{C7D7BE7D-A7B5-49BA-A85A-8B90FCC86F34}.Debug|Any CPU.Build.0 = Debug|Any CPU
		{C7D7BE7D-A7B5-49BA-A85A-8B90FCC86F34}.Debug|x64.ActiveCfg = Debug|Any CPU
		{C7D7BE7D-A7B5-49BA-A85A-8B90FCC86F34}.Debug|x64.Build.0 = Debug|Any CPU
		{C7D7BE7D-A7B5-49BA-A85A-8B90FCC86F34}.Debug|x86.ActiveCfg = Debug|Any CPU
		{C7D7BE7D-A7B5-49BA-A85A-8B90FCC86F34}.Debug|x86.Build.0 = Debug|Any CPU
		{C7D7BE7D-A7B5-49BA-A85A-8B90FCC86F34}.Release|Any CPU.ActiveCfg = Release|Any CPU
		{C7D7BE7D-A7B5-49BA-A85A-8B90FCC86F34}.Release|Any CPU.Build.0 = Release|Any CPU
		{C7D7BE7D-A7B5-49BA-A85A-8B90FCC86F34}.Release|x64.ActiveCfg = Release|Any CPU
		{C7D7BE7D-A7B5-49BA-A85A-8B90FCC86F34}.Release|x64.Build.0 = Release|Any CPU
		{C7D7BE7D-A7B5-49BA-A85A-8B90FCC86F34}.Release|x86.ActiveCfg = Release|Any CPU
		{C7D7BE7D-A7B5-49BA-A85A-8B90FCC86F34}.Release|x86.Build.0 = Release|Any CPU
		{FF4F1F09-0C8B-47FA-BA34-9F7881F2F4C3}.Debug|Any CPU.ActiveCfg = Debug|Any CPU
		{FF4F1F09-0C8B-47FA-BA34-9F7881F2F4C3}.Debug|Any CPU.Build.0 = Debug|Any CPU
		{FF4F1F09-0C8B-47FA-BA34-9F7881F2F4C3}.Debug|x64.ActiveCfg = Debug|Any CPU
		{FF4F1F09-0C8B-47FA-BA34-9F7881F2F4C3}.Debug|x64.Build.0 = Debug|Any CPU
		{FF4F1F09-0C8B-47FA-BA34-9F7881F2F4C3}.Debug|x86.ActiveCfg = Debug|Any CPU
		{FF4F1F09-0C8B-47FA-BA34-9F7881F2F4C3}.Debug|x86.Build.0 = Debug|Any CPU
		{FF4F1F09-0C8B-47FA-BA34-9F7881F2F4C3}.Release|Any CPU.ActiveCfg = Release|Any CPU
		{FF4F1F09-0C8B-47FA-BA34-9F7881F2F4C3}.Release|Any CPU.Build.0 = Release|Any CPU
		{FF4F1F09-0C8B-47FA-BA34-9F7881F2F4C3}.Release|x64.ActiveCfg = Release|Any CPU
		{FF4F1F09-0C8B-47FA-BA34-9F7881F2F4C3}.Release|x64.Build.0 = Release|Any CPU
		{FF4F1F09-0C8B-47FA-BA34-9F7881F2F4C3}.Release|x86.ActiveCfg = Release|Any CPU
		{FF4F1F09-0C8B-47FA-BA34-9F7881F2F4C3}.Release|x86.Build.0 = Release|Any CPU
		{8757F5FA-551F-4211-8317-DA979297F502}.Debug|Any CPU.ActiveCfg = Debug|Any CPU
		{8757F5FA-551F-4211-8317-DA979297F502}.Debug|Any CPU.Build.0 = Debug|Any CPU
		{8757F5FA-551F-4211-8317-DA979297F502}.Debug|x64.ActiveCfg = Debug|Any CPU
		{8757F5FA-551F-4211-8317-DA979297F502}.Debug|x64.Build.0 = Debug|Any CPU
		{8757F5FA-551F-4211-8317-DA979297F502}.Debug|x86.ActiveCfg = Debug|Any CPU
		{8757F5FA-551F-4211-8317-DA979297F502}.Debug|x86.Build.0 = Debug|Any CPU
		{8757F5FA-551F-4211-8317-DA979297F502}.Release|Any CPU.ActiveCfg = Release|Any CPU
		{8757F5FA-551F-4211-8317-DA979297F502}.Release|Any CPU.Build.0 = Release|Any CPU
		{8757F5FA-551F-4211-8317-DA979297F502}.Release|x64.ActiveCfg = Release|Any CPU
		{8757F5FA-551F-4211-8317-DA979297F502}.Release|x64.Build.0 = Release|Any CPU
		{8757F5FA-551F-4211-8317-DA979297F502}.Release|x86.ActiveCfg = Release|Any CPU
		{8757F5FA-551F-4211-8317-DA979297F502}.Release|x86.Build.0 = Release|Any CPU
		{07BF4001-AF3F-4C62-B26E-017249DD151F}.Debug|Any CPU.ActiveCfg = Debug|Any CPU
		{07BF4001-AF3F-4C62-B26E-017249DD151F}.Debug|Any CPU.Build.0 = Debug|Any CPU
		{07BF4001-AF3F-4C62-B26E-017249DD151F}.Debug|x64.ActiveCfg = Debug|Any CPU
		{07BF4001-AF3F-4C62-B26E-017249DD151F}.Debug|x64.Build.0 = Debug|Any CPU
		{07BF4001-AF3F-4C62-B26E-017249DD151F}.Debug|x86.ActiveCfg = Debug|Any CPU
		{07BF4001-AF3F-4C62-B26E-017249DD151F}.Debug|x86.Build.0 = Debug|Any CPU
		{07BF4001-AF3F-4C62-B26E-017249DD151F}.Release|Any CPU.ActiveCfg = Release|Any CPU
		{07BF4001-AF3F-4C62-B26E-017249DD151F}.Release|Any CPU.Build.0 = Release|Any CPU
		{07BF4001-AF3F-4C62-B26E-017249DD151F}.Release|x64.ActiveCfg = Release|Any CPU
		{07BF4001-AF3F-4C62-B26E-017249DD151F}.Release|x64.Build.0 = Release|Any CPU
		{07BF4001-AF3F-4C62-B26E-017249DD151F}.Release|x86.ActiveCfg = Release|Any CPU
		{07BF4001-AF3F-4C62-B26E-017249DD151F}.Release|x86.Build.0 = Release|Any CPU
		{9130EEDA-4BA0-4AFC-8C15-1FAD305704D5}.Debug|Any CPU.ActiveCfg = Debug|Any CPU
		{9130EEDA-4BA0-4AFC-8C15-1FAD305704D5}.Debug|Any CPU.Build.0 = Debug|Any CPU
		{9130EEDA-4BA0-4AFC-8C15-1FAD305704D5}.Debug|x64.ActiveCfg = Debug|Any CPU
		{9130EEDA-4BA0-4AFC-8C15-1FAD305704D5}.Debug|x64.Build.0 = Debug|Any CPU
		{9130EEDA-4BA0-4AFC-8C15-1FAD305704D5}.Debug|x86.ActiveCfg = Debug|Any CPU
		{9130EEDA-4BA0-4AFC-8C15-1FAD305704D5}.Debug|x86.Build.0 = Debug|Any CPU
		{9130EEDA-4BA0-4AFC-8C15-1FAD305704D5}.Release|Any CPU.ActiveCfg = Release|Any CPU
		{9130EEDA-4BA0-4AFC-8C15-1FAD305704D5}.Release|Any CPU.Build.0 = Release|Any CPU
		{9130EEDA-4BA0-4AFC-8C15-1FAD305704D5}.Release|x64.ActiveCfg = Release|Any CPU
		{9130EEDA-4BA0-4AFC-8C15-1FAD305704D5}.Release|x64.Build.0 = Release|Any CPU
		{9130EEDA-4BA0-4AFC-8C15-1FAD305704D5}.Release|x86.ActiveCfg = Release|Any CPU
		{9130EEDA-4BA0-4AFC-8C15-1FAD305704D5}.Release|x86.Build.0 = Release|Any CPU
		{F6874C9B-ECE1-4DF6-8B79-F38F991494A2}.Debug|Any CPU.ActiveCfg = Debug|Any CPU
		{F6874C9B-ECE1-4DF6-8B79-F38F991494A2}.Debug|Any CPU.Build.0 = Debug|Any CPU
		{F6874C9B-ECE1-4DF6-8B79-F38F991494A2}.Debug|x64.ActiveCfg = Debug|Any CPU
		{F6874C9B-ECE1-4DF6-8B79-F38F991494A2}.Debug|x64.Build.0 = Debug|Any CPU
		{F6874C9B-ECE1-4DF6-8B79-F38F991494A2}.Debug|x86.ActiveCfg = Debug|Any CPU
		{F6874C9B-ECE1-4DF6-8B79-F38F991494A2}.Debug|x86.Build.0 = Debug|Any CPU
		{F6874C9B-ECE1-4DF6-8B79-F38F991494A2}.Release|Any CPU.ActiveCfg = Release|Any CPU
		{F6874C9B-ECE1-4DF6-8B79-F38F991494A2}.Release|Any CPU.Build.0 = Release|Any CPU
		{F6874C9B-ECE1-4DF6-8B79-F38F991494A2}.Release|x64.ActiveCfg = Release|Any CPU
		{F6874C9B-ECE1-4DF6-8B79-F38F991494A2}.Release|x64.Build.0 = Release|Any CPU
		{F6874C9B-ECE1-4DF6-8B79-F38F991494A2}.Release|x86.ActiveCfg = Release|Any CPU
		{F6874C9B-ECE1-4DF6-8B79-F38F991494A2}.Release|x86.Build.0 = Release|Any CPU
		{1696B553-3545-4D4C-9F64-65FE2DAACCAD}.Debug|Any CPU.ActiveCfg = Debug|Any CPU
		{1696B553-3545-4D4C-9F64-65FE2DAACCAD}.Debug|Any CPU.Build.0 = Debug|Any CPU
		{1696B553-3545-4D4C-9F64-65FE2DAACCAD}.Debug|x64.ActiveCfg = Debug|Any CPU
		{1696B553-3545-4D4C-9F64-65FE2DAACCAD}.Debug|x64.Build.0 = Debug|Any CPU
		{1696B553-3545-4D4C-9F64-65FE2DAACCAD}.Debug|x86.ActiveCfg = Debug|Any CPU
		{1696B553-3545-4D4C-9F64-65FE2DAACCAD}.Debug|x86.Build.0 = Debug|Any CPU
		{1696B553-3545-4D4C-9F64-65FE2DAACCAD}.Release|Any CPU.ActiveCfg = Release|Any CPU
		{1696B553-3545-4D4C-9F64-65FE2DAACCAD}.Release|Any CPU.Build.0 = Release|Any CPU
		{1696B553-3545-4D4C-9F64-65FE2DAACCAD}.Release|x64.ActiveCfg = Release|Any CPU
		{1696B553-3545-4D4C-9F64-65FE2DAACCAD}.Release|x64.Build.0 = Release|Any CPU
		{1696B553-3545-4D4C-9F64-65FE2DAACCAD}.Release|x86.ActiveCfg = Release|Any CPU
		{1696B553-3545-4D4C-9F64-65FE2DAACCAD}.Release|x86.Build.0 = Release|Any CPU
		{AF220616-7900-4ED3-B226-133282660F68}.Debug|Any CPU.ActiveCfg = Debug|Any CPU
		{AF220616-7900-4ED3-B226-133282660F68}.Debug|Any CPU.Build.0 = Debug|Any CPU
		{AF220616-7900-4ED3-B226-133282660F68}.Debug|x64.ActiveCfg = Debug|Any CPU
		{AF220616-7900-4ED3-B226-133282660F68}.Debug|x64.Build.0 = Debug|Any CPU
		{AF220616-7900-4ED3-B226-133282660F68}.Debug|x86.ActiveCfg = Debug|Any CPU
		{AF220616-7900-4ED3-B226-133282660F68}.Debug|x86.Build.0 = Debug|Any CPU
		{AF220616-7900-4ED3-B226-133282660F68}.Release|Any CPU.ActiveCfg = Release|Any CPU
		{AF220616-7900-4ED3-B226-133282660F68}.Release|Any CPU.Build.0 = Release|Any CPU
		{AF220616-7900-4ED3-B226-133282660F68}.Release|x64.ActiveCfg = Release|Any CPU
		{AF220616-7900-4ED3-B226-133282660F68}.Release|x64.Build.0 = Release|Any CPU
		{AF220616-7900-4ED3-B226-133282660F68}.Release|x86.ActiveCfg = Release|Any CPU
		{AF220616-7900-4ED3-B226-133282660F68}.Release|x86.Build.0 = Release|Any CPU
		{7B4AFA7A-0859-4A30-B7AE-80A3D61DE1DD}.Debug|Any CPU.ActiveCfg = Debug|Any CPU
		{7B4AFA7A-0859-4A30-B7AE-80A3D61DE1DD}.Debug|Any CPU.Build.0 = Debug|Any CPU
		{7B4AFA7A-0859-4A30-B7AE-80A3D61DE1DD}.Debug|x64.ActiveCfg = Debug|Any CPU
		{7B4AFA7A-0859-4A30-B7AE-80A3D61DE1DD}.Debug|x64.Build.0 = Debug|Any CPU
		{7B4AFA7A-0859-4A30-B7AE-80A3D61DE1DD}.Debug|x86.ActiveCfg = Debug|Any CPU
		{7B4AFA7A-0859-4A30-B7AE-80A3D61DE1DD}.Debug|x86.Build.0 = Debug|Any CPU
		{7B4AFA7A-0859-4A30-B7AE-80A3D61DE1DD}.Release|Any CPU.ActiveCfg = Release|Any CPU
		{7B4AFA7A-0859-4A30-B7AE-80A3D61DE1DD}.Release|Any CPU.Build.0 = Release|Any CPU
		{7B4AFA7A-0859-4A30-B7AE-80A3D61DE1DD}.Release|x64.ActiveCfg = Release|Any CPU
		{7B4AFA7A-0859-4A30-B7AE-80A3D61DE1DD}.Release|x64.Build.0 = Release|Any CPU
		{7B4AFA7A-0859-4A30-B7AE-80A3D61DE1DD}.Release|x86.ActiveCfg = Release|Any CPU
		{7B4AFA7A-0859-4A30-B7AE-80A3D61DE1DD}.Release|x86.Build.0 = Release|Any CPU
		{5FD7A6E5-D030-413B-BCB9-42547F6DA395}.Debug|Any CPU.ActiveCfg = Debug|Any CPU
		{5FD7A6E5-D030-413B-BCB9-42547F6DA395}.Debug|Any CPU.Build.0 = Debug|Any CPU
		{5FD7A6E5-D030-413B-BCB9-42547F6DA395}.Debug|x64.ActiveCfg = Debug|Any CPU
		{5FD7A6E5-D030-413B-BCB9-42547F6DA395}.Debug|x64.Build.0 = Debug|Any CPU
		{5FD7A6E5-D030-413B-BCB9-42547F6DA395}.Debug|x86.ActiveCfg = Debug|Any CPU
		{5FD7A6E5-D030-413B-BCB9-42547F6DA395}.Debug|x86.Build.0 = Debug|Any CPU
		{5FD7A6E5-D030-413B-BCB9-42547F6DA395}.Release|Any CPU.ActiveCfg = Release|Any CPU
		{5FD7A6E5-D030-413B-BCB9-42547F6DA395}.Release|Any CPU.Build.0 = Release|Any CPU
		{5FD7A6E5-D030-413B-BCB9-42547F6DA395}.Release|x64.ActiveCfg = Release|Any CPU
		{5FD7A6E5-D030-413B-BCB9-42547F6DA395}.Release|x64.Build.0 = Release|Any CPU
		{5FD7A6E5-D030-413B-BCB9-42547F6DA395}.Release|x86.ActiveCfg = Release|Any CPU
		{5FD7A6E5-D030-413B-BCB9-42547F6DA395}.Release|x86.Build.0 = Release|Any CPU
		{C19DFFEE-1917-4802-AA4D-18A560C829F2}.Debug|Any CPU.ActiveCfg = Debug|Any CPU
		{C19DFFEE-1917-4802-AA4D-18A560C829F2}.Debug|Any CPU.Build.0 = Debug|Any CPU
		{C19DFFEE-1917-4802-AA4D-18A560C829F2}.Debug|x64.ActiveCfg = Debug|Any CPU
		{C19DFFEE-1917-4802-AA4D-18A560C829F2}.Debug|x64.Build.0 = Debug|Any CPU
		{C19DFFEE-1917-4802-AA4D-18A560C829F2}.Debug|x86.ActiveCfg = Debug|Any CPU
		{C19DFFEE-1917-4802-AA4D-18A560C829F2}.Debug|x86.Build.0 = Debug|Any CPU
		{C19DFFEE-1917-4802-AA4D-18A560C829F2}.Release|Any CPU.ActiveCfg = Release|Any CPU
		{C19DFFEE-1917-4802-AA4D-18A560C829F2}.Release|Any CPU.Build.0 = Release|Any CPU
		{C19DFFEE-1917-4802-AA4D-18A560C829F2}.Release|x64.ActiveCfg = Release|Any CPU
		{C19DFFEE-1917-4802-AA4D-18A560C829F2}.Release|x64.Build.0 = Release|Any CPU
		{C19DFFEE-1917-4802-AA4D-18A560C829F2}.Release|x86.ActiveCfg = Release|Any CPU
		{C19DFFEE-1917-4802-AA4D-18A560C829F2}.Release|x86.Build.0 = Release|Any CPU
		{B1C4F974-15FC-459D-8003-CE82D3E84073}.Debug|Any CPU.ActiveCfg = Debug|Any CPU
		{B1C4F974-15FC-459D-8003-CE82D3E84073}.Debug|Any CPU.Build.0 = Debug|Any CPU
		{B1C4F974-15FC-459D-8003-CE82D3E84073}.Debug|x64.ActiveCfg = Debug|Any CPU
		{B1C4F974-15FC-459D-8003-CE82D3E84073}.Debug|x64.Build.0 = Debug|Any CPU
		{B1C4F974-15FC-459D-8003-CE82D3E84073}.Debug|x86.ActiveCfg = Debug|Any CPU
		{B1C4F974-15FC-459D-8003-CE82D3E84073}.Debug|x86.Build.0 = Debug|Any CPU
		{B1C4F974-15FC-459D-8003-CE82D3E84073}.Release|Any CPU.ActiveCfg = Release|Any CPU
		{B1C4F974-15FC-459D-8003-CE82D3E84073}.Release|Any CPU.Build.0 = Release|Any CPU
		{B1C4F974-15FC-459D-8003-CE82D3E84073}.Release|x64.ActiveCfg = Release|Any CPU
		{B1C4F974-15FC-459D-8003-CE82D3E84073}.Release|x64.Build.0 = Release|Any CPU
		{B1C4F974-15FC-459D-8003-CE82D3E84073}.Release|x86.ActiveCfg = Release|Any CPU
		{B1C4F974-15FC-459D-8003-CE82D3E84073}.Release|x86.Build.0 = Release|Any CPU
		{33D5B931-E1EC-4562-9D83-40BCBD88B61C}.Debug|Any CPU.ActiveCfg = Debug|Any CPU
		{33D5B931-E1EC-4562-9D83-40BCBD88B61C}.Debug|Any CPU.Build.0 = Debug|Any CPU
		{33D5B931-E1EC-4562-9D83-40BCBD88B61C}.Debug|x64.ActiveCfg = Debug|Any CPU
		{33D5B931-E1EC-4562-9D83-40BCBD88B61C}.Debug|x64.Build.0 = Debug|Any CPU
		{33D5B931-E1EC-4562-9D83-40BCBD88B61C}.Debug|x86.ActiveCfg = Debug|Any CPU
		{33D5B931-E1EC-4562-9D83-40BCBD88B61C}.Debug|x86.Build.0 = Debug|Any CPU
		{33D5B931-E1EC-4562-9D83-40BCBD88B61C}.Release|Any CPU.ActiveCfg = Release|Any CPU
		{33D5B931-E1EC-4562-9D83-40BCBD88B61C}.Release|Any CPU.Build.0 = Release|Any CPU
		{33D5B931-E1EC-4562-9D83-40BCBD88B61C}.Release|x64.ActiveCfg = Release|Any CPU
		{33D5B931-E1EC-4562-9D83-40BCBD88B61C}.Release|x64.Build.0 = Release|Any CPU
		{33D5B931-E1EC-4562-9D83-40BCBD88B61C}.Release|x86.ActiveCfg = Release|Any CPU
		{33D5B931-E1EC-4562-9D83-40BCBD88B61C}.Release|x86.Build.0 = Release|Any CPU
		{052F36B7-FE78-4A8E-909A-9FF30049E18E}.Debug|Any CPU.ActiveCfg = Debug|Any CPU
		{052F36B7-FE78-4A8E-909A-9FF30049E18E}.Debug|Any CPU.Build.0 = Debug|Any CPU
		{052F36B7-FE78-4A8E-909A-9FF30049E18E}.Debug|x64.ActiveCfg = Debug|Any CPU
		{052F36B7-FE78-4A8E-909A-9FF30049E18E}.Debug|x64.Build.0 = Debug|Any CPU
		{052F36B7-FE78-4A8E-909A-9FF30049E18E}.Debug|x86.ActiveCfg = Debug|Any CPU
		{052F36B7-FE78-4A8E-909A-9FF30049E18E}.Debug|x86.Build.0 = Debug|Any CPU
		{052F36B7-FE78-4A8E-909A-9FF30049E18E}.Release|Any CPU.ActiveCfg = Release|Any CPU
		{052F36B7-FE78-4A8E-909A-9FF30049E18E}.Release|Any CPU.Build.0 = Release|Any CPU
		{052F36B7-FE78-4A8E-909A-9FF30049E18E}.Release|x64.ActiveCfg = Release|Any CPU
		{052F36B7-FE78-4A8E-909A-9FF30049E18E}.Release|x64.Build.0 = Release|Any CPU
		{052F36B7-FE78-4A8E-909A-9FF30049E18E}.Release|x86.ActiveCfg = Release|Any CPU
		{052F36B7-FE78-4A8E-909A-9FF30049E18E}.Release|x86.Build.0 = Release|Any CPU
		{0BF2B09F-534C-408B-BA1D-47377B57D713}.Debug|Any CPU.ActiveCfg = Debug|Any CPU
		{0BF2B09F-534C-408B-BA1D-47377B57D713}.Debug|Any CPU.Build.0 = Debug|Any CPU
		{0BF2B09F-534C-408B-BA1D-47377B57D713}.Debug|x64.ActiveCfg = Debug|Any CPU
		{0BF2B09F-534C-408B-BA1D-47377B57D713}.Debug|x64.Build.0 = Debug|Any CPU
		{0BF2B09F-534C-408B-BA1D-47377B57D713}.Debug|x86.ActiveCfg = Debug|Any CPU
		{0BF2B09F-534C-408B-BA1D-47377B57D713}.Debug|x86.Build.0 = Debug|Any CPU
		{0BF2B09F-534C-408B-BA1D-47377B57D713}.Release|Any CPU.ActiveCfg = Release|Any CPU
		{0BF2B09F-534C-408B-BA1D-47377B57D713}.Release|Any CPU.Build.0 = Release|Any CPU
		{0BF2B09F-534C-408B-BA1D-47377B57D713}.Release|x64.ActiveCfg = Release|Any CPU
		{0BF2B09F-534C-408B-BA1D-47377B57D713}.Release|x64.Build.0 = Release|Any CPU
		{0BF2B09F-534C-408B-BA1D-47377B57D713}.Release|x86.ActiveCfg = Release|Any CPU
		{0BF2B09F-534C-408B-BA1D-47377B57D713}.Release|x86.Build.0 = Release|Any CPU
		{28923A24-BD70-4159-8034-2B90923D3C81}.Debug|Any CPU.ActiveCfg = Debug|Any CPU
		{28923A24-BD70-4159-8034-2B90923D3C81}.Debug|Any CPU.Build.0 = Debug|Any CPU
		{28923A24-BD70-4159-8034-2B90923D3C81}.Debug|x64.ActiveCfg = Debug|Any CPU
		{28923A24-BD70-4159-8034-2B90923D3C81}.Debug|x64.Build.0 = Debug|Any CPU
		{28923A24-BD70-4159-8034-2B90923D3C81}.Debug|x86.ActiveCfg = Debug|Any CPU
		{28923A24-BD70-4159-8034-2B90923D3C81}.Debug|x86.Build.0 = Debug|Any CPU
		{28923A24-BD70-4159-8034-2B90923D3C81}.Release|Any CPU.ActiveCfg = Release|Any CPU
		{28923A24-BD70-4159-8034-2B90923D3C81}.Release|Any CPU.Build.0 = Release|Any CPU
		{28923A24-BD70-4159-8034-2B90923D3C81}.Release|x64.ActiveCfg = Release|Any CPU
		{28923A24-BD70-4159-8034-2B90923D3C81}.Release|x64.Build.0 = Release|Any CPU
		{28923A24-BD70-4159-8034-2B90923D3C81}.Release|x86.ActiveCfg = Release|Any CPU
		{28923A24-BD70-4159-8034-2B90923D3C81}.Release|x86.Build.0 = Release|Any CPU
		{1CB4EEB0-A6DF-4490-A5E4-BE5A24BB6AEC}.Debug|Any CPU.ActiveCfg = Debug|Any CPU
		{1CB4EEB0-A6DF-4490-A5E4-BE5A24BB6AEC}.Debug|Any CPU.Build.0 = Debug|Any CPU
		{1CB4EEB0-A6DF-4490-A5E4-BE5A24BB6AEC}.Debug|x64.ActiveCfg = Debug|Any CPU
		{1CB4EEB0-A6DF-4490-A5E4-BE5A24BB6AEC}.Debug|x64.Build.0 = Debug|Any CPU
		{1CB4EEB0-A6DF-4490-A5E4-BE5A24BB6AEC}.Debug|x86.ActiveCfg = Debug|Any CPU
		{1CB4EEB0-A6DF-4490-A5E4-BE5A24BB6AEC}.Debug|x86.Build.0 = Debug|Any CPU
		{1CB4EEB0-A6DF-4490-A5E4-BE5A24BB6AEC}.Release|Any CPU.ActiveCfg = Release|Any CPU
		{1CB4EEB0-A6DF-4490-A5E4-BE5A24BB6AEC}.Release|Any CPU.Build.0 = Release|Any CPU
		{1CB4EEB0-A6DF-4490-A5E4-BE5A24BB6AEC}.Release|x64.ActiveCfg = Release|Any CPU
		{1CB4EEB0-A6DF-4490-A5E4-BE5A24BB6AEC}.Release|x64.Build.0 = Release|Any CPU
		{1CB4EEB0-A6DF-4490-A5E4-BE5A24BB6AEC}.Release|x86.ActiveCfg = Release|Any CPU
		{1CB4EEB0-A6DF-4490-A5E4-BE5A24BB6AEC}.Release|x86.Build.0 = Release|Any CPU
	EndGlobalSection
	GlobalSection(SolutionProperties) = preSolution
		HideSolutionNode = FALSE
	EndGlobalSection
	GlobalSection(NestedProjects) = preSolution
		{C8E42992-5E42-0C2B-DBFE-AA848D06431C} = {827E0CD3-B72D-47B6-A68D-7590B98EB39B}
		{D5CE7DBA-97AF-4096-A243-C9ECAD621D15} = {C8E42992-5E42-0C2B-DBFE-AA848D06431C}
		{B48B99A0-3EAF-4AFB-896B-E2CEE7F8AB91} = {C8E42992-5E42-0C2B-DBFE-AA848D06431C}
		{A2054C03-FF15-4050-BFC7-1B5441801F62} = {827E0CD3-B72D-47B6-A68D-7590B98EB39B}
		{7E2FD0FD-750A-48A8-9A1C-DF68A200F36E} = {827E0CD3-B72D-47B6-A68D-7590B98EB39B}
		{4D3F6A1A-879B-45EC-A5AE-75C884A65A49} = {827E0CD3-B72D-47B6-A68D-7590B98EB39B}
		{C69CEA6A-08FB-4A40-BF46-EF3BB619B245} = {827E0CD3-B72D-47B6-A68D-7590B98EB39B}
		{18E34CE7-74D0-44D9-B7E3-72DF0308A42B} = {827E0CD3-B72D-47B6-A68D-7590B98EB39B}
		{984BB9B3-3FA3-BE33-9484-CAC21695A33C} = {827E0CD3-B72D-47B6-A68D-7590B98EB39B}
		{A2FE1BB7-0B30-54C5-661E-5D6EF9E35AA4} = {984BB9B3-3FA3-BE33-9484-CAC21695A33C}
		{BD97AB0E-194F-47E5-A75A-05DDB88B6428} = {A2FE1BB7-0B30-54C5-661E-5D6EF9E35AA4}
		{AEFD200A-9187-48F4-A8F7-A930E06925FD} = {A2FE1BB7-0B30-54C5-661E-5D6EF9E35AA4}
		{51742D3A-0DC2-4482-B54F-C1066D9AA159} = {A2FE1BB7-0B30-54C5-661E-5D6EF9E35AA4}
		{76F42F55-E9E4-4204-81E3-7FEA14D0DABC} = {A2FE1BB7-0B30-54C5-661E-5D6EF9E35AA4}
		{EAD6B3D0-6D4B-6043-C47D-9E8A35693F27} = {984BB9B3-3FA3-BE33-9484-CAC21695A33C}
		{80F39C51-F7D7-492F-9B44-31D8A0686406} = {EAD6B3D0-6D4B-6043-C47D-9E8A35693F27}
		{D47FF266-9E2F-4F25-A50B-A0D637ADE311} = {EAD6B3D0-6D4B-6043-C47D-9E8A35693F27}
		{E54DF6AA-B6EE-440A-AD5F-6C86342EF2F7} = {EAD6B3D0-6D4B-6043-C47D-9E8A35693F27}
		{F7FA53E8-EC59-4110-8BEB-B2253D4A195B} = {EAD6B3D0-6D4B-6043-C47D-9E8A35693F27}
		{475C75E2-3469-ADF1-7AA5-8C26A3F9FD01} = {984BB9B3-3FA3-BE33-9484-CAC21695A33C}
		{7A710482-8E53-4DC3-96F9-68F1AF5B508D} = {475C75E2-3469-ADF1-7AA5-8C26A3F9FD01}
		{DA7DF26B-E6FB-4427-AA68-9AA2E0400374} = {475C75E2-3469-ADF1-7AA5-8C26A3F9FD01}
		{8872691F-35AC-4515-9572-CC7193E9E665} = {475C75E2-3469-ADF1-7AA5-8C26A3F9FD01}
		{E246EDAC-1F73-47C7-A605-95532D715C20} = {475C75E2-3469-ADF1-7AA5-8C26A3F9FD01}
		{FEA81106-F033-B42D-B377-D06A57D1D0C2} = {984BB9B3-3FA3-BE33-9484-CAC21695A33C}
		{6839363D-C2A3-4ED1-92CE-BF99669AF42A} = {FEA81106-F033-B42D-B377-D06A57D1D0C2}
		{39C48BEC-54F0-4209-8802-0CE89805CA4D} = {FEA81106-F033-B42D-B377-D06A57D1D0C2}
		{42AAEE9A-3095-4033-A204-2A11F6BE4938} = {FEA81106-F033-B42D-B377-D06A57D1D0C2}
		{54B2CB09-AC84-4D4A-90D0-4F1A8D1EFF85} = {FEA81106-F033-B42D-B377-D06A57D1D0C2}
		{BC39485B-4482-324A-F49B-2461CF689079} = {984BB9B3-3FA3-BE33-9484-CAC21695A33C}
		{8DF4C7C9-FEAA-4B43-B759-073553254700} = {BC39485B-4482-324A-F49B-2461CF689079}
		{BE27BF5B-83B0-4A3E-B463-0A097A1739C1} = {BC39485B-4482-324A-F49B-2461CF689079}
		{1BBD0E2C-3A9F-43B2-AE6A-48B1D1DABCDF} = {BC39485B-4482-324A-F49B-2461CF689079}
		{8F2F6799-E876-4DD6-99FE-F83C4E7F1A59} = {BC39485B-4482-324A-F49B-2461CF689079}
		{0B029BC5-D7D3-F9F2-CC0A-E2B61D9B7287} = {984BB9B3-3FA3-BE33-9484-CAC21695A33C}
		{94FA9E59-1F42-4487-A703-5D4C2FE3A83C} = {0B029BC5-D7D3-F9F2-CC0A-E2B61D9B7287}
		{B60071B3-1385-45E2-9675-038222CFBA8E} = {0B029BC5-D7D3-F9F2-CC0A-E2B61D9B7287}
		{1B89B46F-EE87-44C2-9FE4-CFCACF965468} = {0B029BC5-D7D3-F9F2-CC0A-E2B61D9B7287}
		{C7D7BE7D-A7B5-49BA-A85A-8B90FCC86F34} = {0B029BC5-D7D3-F9F2-CC0A-E2B61D9B7287}
		{6594E698-28EE-F19B-8CC8-4750FE3B23A4} = {984BB9B3-3FA3-BE33-9484-CAC21695A33C}
		{FF4F1F09-0C8B-47FA-BA34-9F7881F2F4C3} = {6594E698-28EE-F19B-8CC8-4750FE3B23A4}
		{8757F5FA-551F-4211-8317-DA979297F502} = {6594E698-28EE-F19B-8CC8-4750FE3B23A4}
		{07BF4001-AF3F-4C62-B26E-017249DD151F} = {6594E698-28EE-F19B-8CC8-4750FE3B23A4}
		{9130EEDA-4BA0-4AFC-8C15-1FAD305704D5} = {6594E698-28EE-F19B-8CC8-4750FE3B23A4}
		{F2C66F8B-7F88-9A75-6701-94C91423F1C3} = {984BB9B3-3FA3-BE33-9484-CAC21695A33C}
		{F6874C9B-ECE1-4DF6-8B79-F38F991494A2} = {F2C66F8B-7F88-9A75-6701-94C91423F1C3}
		{1696B553-3545-4D4C-9F64-65FE2DAACCAD} = {F2C66F8B-7F88-9A75-6701-94C91423F1C3}
		{AF220616-7900-4ED3-B226-133282660F68} = {F2C66F8B-7F88-9A75-6701-94C91423F1C3}
		{7B4AFA7A-0859-4A30-B7AE-80A3D61DE1DD} = {F2C66F8B-7F88-9A75-6701-94C91423F1C3}
		{09A28376-31DA-80C1-01BE-EA64B4DC8CF1} = {984BB9B3-3FA3-BE33-9484-CAC21695A33C}
		{5FD7A6E5-D030-413B-BCB9-42547F6DA395} = {09A28376-31DA-80C1-01BE-EA64B4DC8CF1}
		{C19DFFEE-1917-4802-AA4D-18A560C829F2} = {09A28376-31DA-80C1-01BE-EA64B4DC8CF1}
		{B1C4F974-15FC-459D-8003-CE82D3E84073} = {09A28376-31DA-80C1-01BE-EA64B4DC8CF1}
		{33D5B931-E1EC-4562-9D83-40BCBD88B61C} = {09A28376-31DA-80C1-01BE-EA64B4DC8CF1}
		{C5FBE174-8E0F-F5A3-B929-8BD0C55C0A32} = {984BB9B3-3FA3-BE33-9484-CAC21695A33C}
		{052F36B7-FE78-4A8E-909A-9FF30049E18E} = {C5FBE174-8E0F-F5A3-B929-8BD0C55C0A32}
		{0BF2B09F-534C-408B-BA1D-47377B57D713} = {C5FBE174-8E0F-F5A3-B929-8BD0C55C0A32}
		{28923A24-BD70-4159-8034-2B90923D3C81} = {C5FBE174-8E0F-F5A3-B929-8BD0C55C0A32}
		{1CB4EEB0-A6DF-4490-A5E4-BE5A24BB6AEC} = {C5FBE174-8E0F-F5A3-B929-8BD0C55C0A32}
	EndGlobalSection
EndGlobal
